// !$*UTF8*$!
{
	archiveVersion = 1;
	classes = {
	};
	objectVersion = 56;
	objects = {

/* Begin PBXBuildFile section */
		44520BBA2C3E68BC0004685D /* AppDelegate.swift in Sources */ = {isa = PBXBuildFile; fileRef = 44520BB92C3E68BC0004685D /* AppDelegate.swift */; };
		44520BBC2C3E68BC0004685D /* SceneDelegate.swift in Sources */ = {isa = PBXBuildFile; fileRef = 44520BBB2C3E68BC0004685D /* SceneDelegate.swift */; };
		44520BBE2C3E68BC0004685D /* MainViewController.swift in Sources */ = {isa = PBXBuildFile; fileRef = 44520BBD2C3E68BC0004685D /* MainViewController.swift */; };
		44520BC32C3E68BE0004685D /* Assets.xcassets in Resources */ = {isa = PBXBuildFile; fileRef = 44520BC22C3E68BE0004685D /* Assets.xcassets */; };
		44520BC62C3E68BE0004685D /* Base in Resources */ = {isa = PBXBuildFile; fileRef = 44520BC52C3E68BE0004685D /* Base */; };
		44520BD12C3E6A2A0004685D /* .gitignore in Resources */ = {isa = PBXBuildFile; fileRef = 44520BD02C3E6A290004685D /* .gitignore */; };
		44520BD72C3E6B5D0004685D /* BaseViewController.swift in Sources */ = {isa = PBXBuildFile; fileRef = 44520BD62C3E6B5D0004685D /* BaseViewController.swift */; };
		44520BDA2C3E6C520004685D /* SnapKit in Frameworks */ = {isa = PBXBuildFile; productRef = 44520BD92C3E6C520004685D /* SnapKit */; };
		44520BDD2C3E6CA70004685D /* Alamofire in Frameworks */ = {isa = PBXBuildFile; productRef = 44520BDC2C3E6CA70004685D /* Alamofire */; };
		44520BE02C3E6CB40004685D /* Kingfisher in Frameworks */ = {isa = PBXBuildFile; productRef = 44520BDF2C3E6CB40004685D /* Kingfisher */; };
		44520BE42C3E6D560004685D /* NetworkManager.swift in Sources */ = {isa = PBXBuildFile; fileRef = 44520BE32C3E6D560004685D /* NetworkManager.swift */; };
		44520BE62C3E6E340004685D /* Reusable.swift in Sources */ = {isa = PBXBuildFile; fileRef = 44520BE52C3E6E340004685D /* Reusable.swift */; };
		44520BE82C3E6F6C0004685D /* OpenWeatherAPI.swift in Sources */ = {isa = PBXBuildFile; fileRef = 44520BE72C3E6F6C0004685D /* OpenWeatherAPI.swift */; };
		44520BEA2C3E702F0004685D /* APIKey.swift in Sources */ = {isa = PBXBuildFile; fileRef = 44520BE92C3E702F0004685D /* APIKey.swift */; };
		44520BED2C3E7D1D0004685D /* WeatherCurrent.swift in Sources */ = {isa = PBXBuildFile; fileRef = 44520BEC2C3E7D1D0004685D /* WeatherCurrent.swift */; };
		44520BEF2C3E89B00004685D /* WeatherForecast.swift in Sources */ = {isa = PBXBuildFile; fileRef = 44520BEE2C3E89B00004685D /* WeatherForecast.swift */; };
		44520BF12C3EB7DE0004685D /* MainHeaderCell.swift in Sources */ = {isa = PBXBuildFile; fileRef = 44520BF02C3EB7DE0004685D /* MainHeaderCell.swift */; };
		44520BF32C3EB8030004685D /* BaseTableViewCell.swift in Sources */ = {isa = PBXBuildFile; fileRef = 44520BF22C3EB8030004685D /* BaseTableViewCell.swift */; };
		44520BF52C3EB87B0004685D /* BaseCollectionViewCell.swift in Sources */ = {isa = PBXBuildFile; fileRef = 44520BF42C3EB87B0004685D /* BaseCollectionViewCell.swift */; };
		44520BF72C3EBBFB0004685D /* MainCollectionTableViewCell.swift in Sources */ = {isa = PBXBuildFile; fileRef = 44520BF62C3EBBFB0004685D /* MainCollectionTableViewCell.swift */; };
		44520BF92C3EC0D80004685D /* MainTableViewThreeHoursCollectionCell.swift in Sources */ = {isa = PBXBuildFile; fileRef = 44520BF82C3EC0D80004685D /* MainTableViewThreeHoursCollectionCell.swift */; };
		44AB5D292C3ED038004236A1 /* Constant.swift in Sources */ = {isa = PBXBuildFile; fileRef = 44AB5D282C3ED038004236A1 /* Constant.swift */; };
		44AB5D2B2C3ED632004236A1 /* MainTableViewFiveDaysCollectionCell.swift in Sources */ = {isa = PBXBuildFile; fileRef = 44AB5D2A2C3ED632004236A1 /* MainTableViewFiveDaysCollectionCell.swift */; };
		44AB5D2D2C3EE2CD004236A1 /* MainTableViewLocationTableCell.swift in Sources */ = {isa = PBXBuildFile; fileRef = 44AB5D2C2C3EE2CD004236A1 /* MainTableViewLocationTableCell.swift */; };
		44AB5D2F2C3F565A004236A1 /* MainTableViewOtherInformationCollectionCell.swift in Sources */ = {isa = PBXBuildFile; fileRef = 44AB5D2E2C3F565A004236A1 /* MainTableViewOtherInformationCollectionCell.swift */; };
		44AB5D3E2C418570004236A1 /* MainViewModel.swift in Sources */ = {isa = PBXBuildFile; fileRef = 44AB5D3D2C418570004236A1 /* MainViewModel.swift */; };
		44AB5D402C41859C004236A1 /* Observable.swift in Sources */ = {isa = PBXBuildFile; fileRef = 44AB5D3F2C41859C004236A1 /* Observable.swift */; };
		44AB5D442C419A88004236A1 /* MainHeaderViewModel.swift in Sources */ = {isa = PBXBuildFile; fileRef = 44AB5D432C419A88004236A1 /* MainHeaderViewModel.swift */; };
		44AB5D462C426F04004236A1 /* MainCollectionTableViewCellViewModel.swift in Sources */ = {isa = PBXBuildFile; fileRef = 44AB5D452C426F04004236A1 /* MainCollectionTableViewCellViewModel.swift */; };
		44AB5D482C427F59004236A1 /* MainTableViewThreeHoursCollectionCellViewModel.swift in Sources */ = {isa = PBXBuildFile; fileRef = 44AB5D472C427F59004236A1 /* MainTableViewThreeHoursCollectionCellViewModel.swift */; };
		44AB5D4A2C429818004236A1 /* MainTableViewFiveDaysCollectionCellViewModel.swift in Sources */ = {isa = PBXBuildFile; fileRef = 44AB5D492C429818004236A1 /* MainTableViewFiveDaysCollectionCellViewModel.swift */; };
		44AB5D4C2C42AD18004236A1 /* MainTableViewOtherInformationCollectionCellViewModel.swift in Sources */ = {isa = PBXBuildFile; fileRef = 44AB5D4B2C42AD18004236A1 /* MainTableViewOtherInformationCollectionCellViewModel.swift */; };
		44AB5D4E2C42B4C4004236A1 /* MainTableViewLocationTableCellViewModel.swift in Sources */ = {isa = PBXBuildFile; fileRef = 44AB5D4D2C42B4C4004236A1 /* MainTableViewLocationTableCellViewModel.swift */; };
		44AB5D502C42BD5A004236A1 /* CustomAnnotationView.swift in Sources */ = {isa = PBXBuildFile; fileRef = 44AB5D4F2C42BD5A004236A1 /* CustomAnnotationView.swift */; };
		44AB5D522C42C2FA004236A1 /* CustomAnnotation.swift in Sources */ = {isa = PBXBuildFile; fileRef = 44AB5D512C42C2FA004236A1 /* CustomAnnotation.swift */; };
		44AB5D582C42E086004236A1 /* CitySearchViewController.swift in Sources */ = {isa = PBXBuildFile; fileRef = 44AB5D572C42E086004236A1 /* CitySearchViewController.swift */; };
		44AB5D5A2C42E979004236A1 /* CityList.json in Resources */ = {isa = PBXBuildFile; fileRef = 44AB5D592C42E979004236A1 /* CityList.json */; };
		44AB5D5C2C42E999004236A1 /* City.swift in Sources */ = {isa = PBXBuildFile; fileRef = 44AB5D5B2C42E999004236A1 /* City.swift */; };
		44AB5D5E2C42EA7F004236A1 /* CitySearchViewModel.swift in Sources */ = {isa = PBXBuildFile; fileRef = 44AB5D5D2C42EA7F004236A1 /* CitySearchViewModel.swift */; };
		44AB5D602C42F008004236A1 /* CitySearchTableViewCell.swift in Sources */ = {isa = PBXBuildFile; fileRef = 44AB5D5F2C42F008004236A1 /* CitySearchTableViewCell.swift */; };
		44AB5D622C42F151004236A1 /* CitySearchTableViewCellViewModel.swift in Sources */ = {isa = PBXBuildFile; fileRef = 44AB5D612C42F151004236A1 /* CitySearchTableViewCellViewModel.swift */; };
		44AB5D6A2C43C51C004236A1 /* Lottie in Frameworks */ = {isa = PBXBuildFile; productRef = 44AB5D692C43C51C004236A1 /* Lottie */; };
		44AB5D6C2C43C59B004236A1 /* indicatorAnimation.json in Resources */ = {isa = PBXBuildFile; fileRef = 44AB5D6B2C43C59B004236A1 /* indicatorAnimation.json */; };
		44AB5D7B2C43CC98004236A1 /* MapViewController.swift in Sources */ = {isa = PBXBuildFile; fileRef = 44AB5D7A2C43CC98004236A1 /* MapViewController.swift */; };
		44AB5D7D2C440A7A004236A1 /* MapViewModel.swift in Sources */ = {isa = PBXBuildFile; fileRef = 44AB5D7C2C440A7A004236A1 /* MapViewModel.swift */; };
/* End PBXBuildFile section */

/* Begin PBXFileReference section */
		44520BB62C3E68BC0004685D /* Weather.app */ = {isa = PBXFileReference; explicitFileType = wrapper.application; includeInIndex = 0; path = Weather.app; sourceTree = BUILT_PRODUCTS_DIR; };
		44520BB92C3E68BC0004685D /* AppDelegate.swift */ = {isa = PBXFileReference; lastKnownFileType = sourcecode.swift; path = AppDelegate.swift; sourceTree = "<group>"; };
		44520BBB2C3E68BC0004685D /* SceneDelegate.swift */ = {isa = PBXFileReference; lastKnownFileType = sourcecode.swift; path = SceneDelegate.swift; sourceTree = "<group>"; };
		44520BBD2C3E68BC0004685D /* MainViewController.swift */ = {isa = PBXFileReference; lastKnownFileType = sourcecode.swift; path = MainViewController.swift; sourceTree = "<group>"; };
		44520BC22C3E68BE0004685D /* Assets.xcassets */ = {isa = PBXFileReference; lastKnownFileType = folder.assetcatalog; path = Assets.xcassets; sourceTree = "<group>"; };
		44520BC52C3E68BE0004685D /* Base */ = {isa = PBXFileReference; lastKnownFileType = file.storyboard; name = Base; path = Base.lproj/LaunchScreen.storyboard; sourceTree = "<group>"; };
		44520BC72C3E68BE0004685D /* Info.plist */ = {isa = PBXFileReference; lastKnownFileType = text.plist.xml; path = Info.plist; sourceTree = "<group>"; };
		44520BD02C3E6A290004685D /* .gitignore */ = {isa = PBXFileReference; lastKnownFileType = text; path = .gitignore; sourceTree = "<group>"; };
		44520BD62C3E6B5D0004685D /* BaseViewController.swift */ = {isa = PBXFileReference; lastKnownFileType = sourcecode.swift; path = BaseViewController.swift; sourceTree = "<group>"; };
		44520BE32C3E6D560004685D /* NetworkManager.swift */ = {isa = PBXFileReference; lastKnownFileType = sourcecode.swift; path = NetworkManager.swift; sourceTree = "<group>"; };
		44520BE52C3E6E340004685D /* Reusable.swift */ = {isa = PBXFileReference; lastKnownFileType = sourcecode.swift; path = Reusable.swift; sourceTree = "<group>"; };
		44520BE72C3E6F6C0004685D /* OpenWeatherAPI.swift */ = {isa = PBXFileReference; lastKnownFileType = sourcecode.swift; path = OpenWeatherAPI.swift; sourceTree = "<group>"; };
		44520BE92C3E702F0004685D /* APIKey.swift */ = {isa = PBXFileReference; lastKnownFileType = sourcecode.swift; path = APIKey.swift; sourceTree = "<group>"; };
		44520BEC2C3E7D1D0004685D /* WeatherCurrent.swift */ = {isa = PBXFileReference; lastKnownFileType = sourcecode.swift; path = WeatherCurrent.swift; sourceTree = "<group>"; };
		44520BEE2C3E89B00004685D /* WeatherForecast.swift */ = {isa = PBXFileReference; lastKnownFileType = sourcecode.swift; path = WeatherForecast.swift; sourceTree = "<group>"; };
		44520BF02C3EB7DE0004685D /* MainHeaderCell.swift */ = {isa = PBXFileReference; lastKnownFileType = sourcecode.swift; path = MainHeaderCell.swift; sourceTree = "<group>"; };
		44520BF22C3EB8030004685D /* BaseTableViewCell.swift */ = {isa = PBXFileReference; lastKnownFileType = sourcecode.swift; path = BaseTableViewCell.swift; sourceTree = "<group>"; };
		44520BF42C3EB87B0004685D /* BaseCollectionViewCell.swift */ = {isa = PBXFileReference; lastKnownFileType = sourcecode.swift; path = BaseCollectionViewCell.swift; sourceTree = "<group>"; };
		44520BF62C3EBBFB0004685D /* MainCollectionTableViewCell.swift */ = {isa = PBXFileReference; lastKnownFileType = sourcecode.swift; path = MainCollectionTableViewCell.swift; sourceTree = "<group>"; };
		44520BF82C3EC0D80004685D /* MainTableViewThreeHoursCollectionCell.swift */ = {isa = PBXFileReference; lastKnownFileType = sourcecode.swift; path = MainTableViewThreeHoursCollectionCell.swift; sourceTree = "<group>"; };
		44AB5D282C3ED038004236A1 /* Constant.swift */ = {isa = PBXFileReference; lastKnownFileType = sourcecode.swift; path = Constant.swift; sourceTree = "<group>"; };
		44AB5D2A2C3ED632004236A1 /* MainTableViewFiveDaysCollectionCell.swift */ = {isa = PBXFileReference; lastKnownFileType = sourcecode.swift; path = MainTableViewFiveDaysCollectionCell.swift; sourceTree = "<group>"; };
		44AB5D2C2C3EE2CD004236A1 /* MainTableViewLocationTableCell.swift */ = {isa = PBXFileReference; lastKnownFileType = sourcecode.swift; path = MainTableViewLocationTableCell.swift; sourceTree = "<group>"; };
		44AB5D2E2C3F565A004236A1 /* MainTableViewOtherInformationCollectionCell.swift */ = {isa = PBXFileReference; lastKnownFileType = sourcecode.swift; path = MainTableViewOtherInformationCollectionCell.swift; sourceTree = "<group>"; };
		44AB5D3D2C418570004236A1 /* MainViewModel.swift */ = {isa = PBXFileReference; lastKnownFileType = sourcecode.swift; path = MainViewModel.swift; sourceTree = "<group>"; };
		44AB5D3F2C41859C004236A1 /* Observable.swift */ = {isa = PBXFileReference; lastKnownFileType = sourcecode.swift; path = Observable.swift; sourceTree = "<group>"; };
		44AB5D432C419A88004236A1 /* MainHeaderViewModel.swift */ = {isa = PBXFileReference; lastKnownFileType = sourcecode.swift; path = MainHeaderViewModel.swift; sourceTree = "<group>"; };
		44AB5D452C426F04004236A1 /* MainCollectionTableViewCellViewModel.swift */ = {isa = PBXFileReference; lastKnownFileType = sourcecode.swift; path = MainCollectionTableViewCellViewModel.swift; sourceTree = "<group>"; };
		44AB5D472C427F59004236A1 /* MainTableViewThreeHoursCollectionCellViewModel.swift */ = {isa = PBXFileReference; lastKnownFileType = sourcecode.swift; path = MainTableViewThreeHoursCollectionCellViewModel.swift; sourceTree = "<group>"; };
		44AB5D492C429818004236A1 /* MainTableViewFiveDaysCollectionCellViewModel.swift */ = {isa = PBXFileReference; lastKnownFileType = sourcecode.swift; path = MainTableViewFiveDaysCollectionCellViewModel.swift; sourceTree = "<group>"; };
		44AB5D4B2C42AD18004236A1 /* MainTableViewOtherInformationCollectionCellViewModel.swift */ = {isa = PBXFileReference; lastKnownFileType = sourcecode.swift; path = MainTableViewOtherInformationCollectionCellViewModel.swift; sourceTree = "<group>"; };
		44AB5D4D2C42B4C4004236A1 /* MainTableViewLocationTableCellViewModel.swift */ = {isa = PBXFileReference; lastKnownFileType = sourcecode.swift; path = MainTableViewLocationTableCellViewModel.swift; sourceTree = "<group>"; };
		44AB5D4F2C42BD5A004236A1 /* CustomAnnotationView.swift */ = {isa = PBXFileReference; lastKnownFileType = sourcecode.swift; path = CustomAnnotationView.swift; sourceTree = "<group>"; };
		44AB5D512C42C2FA004236A1 /* CustomAnnotation.swift */ = {isa = PBXFileReference; lastKnownFileType = sourcecode.swift; path = CustomAnnotation.swift; sourceTree = "<group>"; };
		44AB5D572C42E086004236A1 /* CitySearchViewController.swift */ = {isa = PBXFileReference; lastKnownFileType = sourcecode.swift; path = CitySearchViewController.swift; sourceTree = "<group>"; };
		44AB5D592C42E979004236A1 /* CityList.json */ = {isa = PBXFileReference; fileEncoding = 4; lastKnownFileType = text.json; path = CityList.json; sourceTree = "<group>"; };
		44AB5D5B2C42E999004236A1 /* City.swift */ = {isa = PBXFileReference; lastKnownFileType = sourcecode.swift; path = City.swift; sourceTree = "<group>"; };
		44AB5D5D2C42EA7F004236A1 /* CitySearchViewModel.swift */ = {isa = PBXFileReference; lastKnownFileType = sourcecode.swift; path = CitySearchViewModel.swift; sourceTree = "<group>"; };
		44AB5D5F2C42F008004236A1 /* CitySearchTableViewCell.swift */ = {isa = PBXFileReference; lastKnownFileType = sourcecode.swift; path = CitySearchTableViewCell.swift; sourceTree = "<group>"; };
		44AB5D612C42F151004236A1 /* CitySearchTableViewCellViewModel.swift */ = {isa = PBXFileReference; lastKnownFileType = sourcecode.swift; path = CitySearchTableViewCellViewModel.swift; sourceTree = "<group>"; };
		44AB5D6B2C43C59B004236A1 /* indicatorAnimation.json */ = {isa = PBXFileReference; fileEncoding = 4; lastKnownFileType = text.json; path = indicatorAnimation.json; sourceTree = "<group>"; };
		44AB5D7A2C43CC98004236A1 /* MapViewController.swift */ = {isa = PBXFileReference; lastKnownFileType = sourcecode.swift; path = MapViewController.swift; sourceTree = "<group>"; };
		44AB5D7C2C440A7A004236A1 /* MapViewModel.swift */ = {isa = PBXFileReference; lastKnownFileType = sourcecode.swift; path = MapViewModel.swift; sourceTree = "<group>"; };
/* End PBXFileReference section */

/* Begin PBXFrameworksBuildPhase section */
		44520BB32C3E68BC0004685D /* Frameworks */ = {
			isa = PBXFrameworksBuildPhase;
			buildActionMask = 2147483647;
			files = (
				44520BE02C3E6CB40004685D /* Kingfisher in Frameworks */,
				44520BDA2C3E6C520004685D /* SnapKit in Frameworks */,
				44520BDD2C3E6CA70004685D /* Alamofire in Frameworks */,
				44AB5D6A2C43C51C004236A1 /* Lottie in Frameworks */,
			);
			runOnlyForDeploymentPostprocessing = 0;
		};
/* End PBXFrameworksBuildPhase section */

/* Begin PBXGroup section */
		44520BAD2C3E68BC0004685D = {
			isa = PBXGroup;
			children = (
				44520BD02C3E6A290004685D /* .gitignore */,
				44520BB82C3E68BC0004685D /* Weather */,
				44520BB72C3E68BC0004685D /* Products */,
			);
			sourceTree = "<group>";
		};
		44520BB72C3E68BC0004685D /* Products */ = {
			isa = PBXGroup;
			children = (
				44520BB62C3E68BC0004685D /* Weather.app */,
			);
			name = Products;
			sourceTree = "<group>";
		};
		44520BB82C3E68BC0004685D /* Weather */ = {
			isa = PBXGroup;
			children = (
				44520BCE2C3E69B40004685D /* Application */,
				44520BD22C3E6B0B0004685D /* Utility */,
				44520BD32C3E6B1E0004685D /* Service */,
				44520BE22C3E6D1E0004685D /* Model */,
				44520BCF2C3E69BA0004685D /* Main */,
				44520BCD2C3E69AB0004685D /* Resource */,
			);
			path = Weather;
			sourceTree = "<group>";
		};
		44520BCD2C3E69AB0004685D /* Resource */ = {
			isa = PBXGroup;
			children = (
				44AB5D6B2C43C59B004236A1 /* indicatorAnimation.json */,
				44AB5D592C42E979004236A1 /* CityList.json */,
				44520BC22C3E68BE0004685D /* Assets.xcassets */,
				44520BC42C3E68BE0004685D /* LaunchScreen.storyboard */,
				44520BC72C3E68BE0004685D /* Info.plist */,
			);
			path = Resource;
			sourceTree = "<group>";
		};
		44520BCE2C3E69B40004685D /* Application */ = {
			isa = PBXGroup;
			children = (
				44520BB92C3E68BC0004685D /* AppDelegate.swift */,
				44520BBB2C3E68BC0004685D /* SceneDelegate.swift */,
			);
			path = Application;
			sourceTree = "<group>";
		};
		44520BCF2C3E69BA0004685D /* Main */ = {
			isa = PBXGroup;
			children = (
				44AB5D422C4198B6004236A1 /* ViewModel */,
				44AB5D412C4198A7004236A1 /* View */,
			);
			path = Main;
			sourceTree = "<group>";
		};
		44520BD22C3E6B0B0004685D /* Utility */ = {
			isa = PBXGroup;
			children = (
				44520BE52C3E6E340004685D /* Reusable.swift */,
				44AB5D282C3ED038004236A1 /* Constant.swift */,
				44AB5D3F2C41859C004236A1 /* Observable.swift */,
				44520BD52C3E6B520004685D /* Base */,
			);
			name = Utility;
			sourceTree = "<group>";
		};
		44520BD32C3E6B1E0004685D /* Service */ = {
			isa = PBXGroup;
			children = (
				44520BEB2C3E70550004685D /* Network */,
			);
			name = Service;
			sourceTree = "<group>";
		};
		44520BD52C3E6B520004685D /* Base */ = {
			isa = PBXGroup;
			children = (
				44520BD62C3E6B5D0004685D /* BaseViewController.swift */,
				44520BF22C3EB8030004685D /* BaseTableViewCell.swift */,
				44520BF42C3EB87B0004685D /* BaseCollectionViewCell.swift */,
			);
			path = Base;
			sourceTree = "<group>";
		};
		44520BE22C3E6D1E0004685D /* Model */ = {
			isa = PBXGroup;
			children = (
				44520BEC2C3E7D1D0004685D /* WeatherCurrent.swift */,
				44520BEE2C3E89B00004685D /* WeatherForecast.swift */,
				44AB5D5B2C42E999004236A1 /* City.swift */,
			);
			name = Model;
			sourceTree = "<group>";
		};
		44520BEB2C3E70550004685D /* Network */ = {
			isa = PBXGroup;
			children = (
				44520BE92C3E702F0004685D /* APIKey.swift */,
				44520BE72C3E6F6C0004685D /* OpenWeatherAPI.swift */,
				44520BE32C3E6D560004685D /* NetworkManager.swift */,
			);
			name = Network;
			sourceTree = "<group>";
		};
		44AB5D412C4198A7004236A1 /* View */ = {
			isa = PBXGroup;
			children = (
				44AB5D752C43CC25004236A1 /* Main */,
				44AB5D762C43CC35004236A1 /* CitySearch */,
				44AB5D772C43CC46004236A1 /* Map */,
			);
			path = View;
			sourceTree = "<group>";
		};
		44AB5D422C4198B6004236A1 /* ViewModel */ = {
			isa = PBXGroup;
			children = (
				44AB5D732C43CC11004236A1 /* Main */,
				44AB5D742C43CC19004236A1 /* CitySearch */,
				44AB5D792C43CC76004236A1 /* Map */,
			);
			path = ViewModel;
			sourceTree = "<group>";
		};
		44AB5D732C43CC11004236A1 /* Main */ = {
			isa = PBXGroup;
			children = (
				44AB5D3D2C418570004236A1 /* MainViewModel.swift */,
				44AB5D432C419A88004236A1 /* MainHeaderViewModel.swift */,
				44AB5D452C426F04004236A1 /* MainCollectionTableViewCellViewModel.swift */,
				44AB5D472C427F59004236A1 /* MainTableViewThreeHoursCollectionCellViewModel.swift */,
				44AB5D492C429818004236A1 /* MainTableViewFiveDaysCollectionCellViewModel.swift */,
				44AB5D4D2C42B4C4004236A1 /* MainTableViewLocationTableCellViewModel.swift */,
				44AB5D4B2C42AD18004236A1 /* MainTableViewOtherInformationCollectionCellViewModel.swift */,
			);
			path = Main;
			sourceTree = "<group>";
		};
		44AB5D742C43CC19004236A1 /* CitySearch */ = {
			isa = PBXGroup;
			children = (
				44AB5D5D2C42EA7F004236A1 /* CitySearchViewModel.swift */,
				44AB5D612C42F151004236A1 /* CitySearchTableViewCellViewModel.swift */,
			);
			path = CitySearch;
			sourceTree = "<group>";
		};
		44AB5D752C43CC25004236A1 /* Main */ = {
			isa = PBXGroup;
			children = (
				44520BBD2C3E68BC0004685D /* MainViewController.swift */,
				44520BF02C3EB7DE0004685D /* MainHeaderCell.swift */,
				44520BF62C3EBBFB0004685D /* MainCollectionTableViewCell.swift */,
				44520BF82C3EC0D80004685D /* MainTableViewThreeHoursCollectionCell.swift */,
				44AB5D2A2C3ED632004236A1 /* MainTableViewFiveDaysCollectionCell.swift */,
				44AB5D2C2C3EE2CD004236A1 /* MainTableViewLocationTableCell.swift */,
				44AB5D2E2C3F565A004236A1 /* MainTableViewOtherInformationCollectionCell.swift */,
				44AB5D4F2C42BD5A004236A1 /* CustomAnnotationView.swift */,
				44AB5D512C42C2FA004236A1 /* CustomAnnotation.swift */,
			);
			path = Main;
			sourceTree = "<group>";
		};
		44AB5D762C43CC35004236A1 /* CitySearch */ = {
			isa = PBXGroup;
			children = (
				44AB5D572C42E086004236A1 /* CitySearchViewController.swift */,
				44AB5D5F2C42F008004236A1 /* CitySearchTableViewCell.swift */,
			);
			path = CitySearch;
			sourceTree = "<group>";
		};
		44AB5D772C43CC46004236A1 /* Map */ = {
			isa = PBXGroup;
			children = (
				44AB5D7A2C43CC98004236A1 /* MapViewController.swift */,
			);
			name = Map;
			sourceTree = "<group>";
		};
		44AB5D792C43CC76004236A1 /* Map */ = {
			isa = PBXGroup;
			children = (
				44AB5D7C2C440A7A004236A1 /* MapViewModel.swift */,
			);
			path = Map;
			sourceTree = "<group>";
		};
/* End PBXGroup section */

/* Begin PBXNativeTarget section */
		44520BB52C3E68BC0004685D /* Weather */ = {
			isa = PBXNativeTarget;
			buildConfigurationList = 44520BCA2C3E68BE0004685D /* Build configuration list for PBXNativeTarget "Weather" */;
			buildPhases = (
				44520BB22C3E68BC0004685D /* Sources */,
				44520BB32C3E68BC0004685D /* Frameworks */,
				44520BB42C3E68BC0004685D /* Resources */,
			);
			buildRules = (
			);
			dependencies = (
			);
			name = Weather;
			packageProductDependencies = (
				44520BD92C3E6C520004685D /* SnapKit */,
				44520BDC2C3E6CA70004685D /* Alamofire */,
				44520BDF2C3E6CB40004685D /* Kingfisher */,
				44AB5D692C43C51C004236A1 /* Lottie */,
			);
			productName = Weather;
			productReference = 44520BB62C3E68BC0004685D /* Weather.app */;
			productType = "com.apple.product-type.application";
		};
/* End PBXNativeTarget section */

/* Begin PBXProject section */
		44520BAE2C3E68BC0004685D /* Project object */ = {
			isa = PBXProject;
			attributes = {
				BuildIndependentTargetsInParallel = 1;
				LastSwiftUpdateCheck = 1530;
				LastUpgradeCheck = 1530;
				TargetAttributes = {
					44520BB52C3E68BC0004685D = {
						CreatedOnToolsVersion = 15.3;
					};
				};
			};
			buildConfigurationList = 44520BB12C3E68BC0004685D /* Build configuration list for PBXProject "Weather" */;
			compatibilityVersion = "Xcode 14.0";
			developmentRegion = en;
			hasScannedForEncodings = 0;
			knownRegions = (
				en,
				Base,
			);
			mainGroup = 44520BAD2C3E68BC0004685D;
			packageReferences = (
				44520BD82C3E6C520004685D /* XCRemoteSwiftPackageReference "SnapKit" */,
				44520BDB2C3E6CA70004685D /* XCRemoteSwiftPackageReference "Alamofire" */,
				44520BDE2C3E6CB40004685D /* XCRemoteSwiftPackageReference "Kingfisher" */,
				44AB5D682C43C51C004236A1 /* XCRemoteSwiftPackageReference "lottie-ios" */,
			);
			productRefGroup = 44520BB72C3E68BC0004685D /* Products */;
			projectDirPath = "";
			projectRoot = "";
			targets = (
				44520BB52C3E68BC0004685D /* Weather */,
			);
		};
/* End PBXProject section */

/* Begin PBXResourcesBuildPhase section */
		44520BB42C3E68BC0004685D /* Resources */ = {
			isa = PBXResourcesBuildPhase;
			buildActionMask = 2147483647;
			files = (
				44520BC32C3E68BE0004685D /* Assets.xcassets in Resources */,
				44AB5D6C2C43C59B004236A1 /* indicatorAnimation.json in Resources */,
				44520BD12C3E6A2A0004685D /* .gitignore in Resources */,
				44AB5D5A2C42E979004236A1 /* CityList.json in Resources */,
				44520BC62C3E68BE0004685D /* Base in Resources */,
			);
			runOnlyForDeploymentPostprocessing = 0;
		};
/* End PBXResourcesBuildPhase section */

/* Begin PBXSourcesBuildPhase section */
		44520BB22C3E68BC0004685D /* Sources */ = {
			isa = PBXSourcesBuildPhase;
			buildActionMask = 2147483647;
			files = (
				44AB5D2D2C3EE2CD004236A1 /* MainTableViewLocationTableCell.swift in Sources */,
				44520BE62C3E6E340004685D /* Reusable.swift in Sources */,
				44AB5D602C42F008004236A1 /* CitySearchTableViewCell.swift in Sources */,
				44520BBE2C3E68BC0004685D /* MainViewController.swift in Sources */,
				44520BEA2C3E702F0004685D /* APIKey.swift in Sources */,
				44AB5D292C3ED038004236A1 /* Constant.swift in Sources */,
				44AB5D522C42C2FA004236A1 /* CustomAnnotation.swift in Sources */,
				44520BE82C3E6F6C0004685D /* OpenWeatherAPI.swift in Sources */,
				44AB5D2B2C3ED632004236A1 /* MainTableViewFiveDaysCollectionCell.swift in Sources */,
				44520BF32C3EB8030004685D /* BaseTableViewCell.swift in Sources */,
				44AB5D482C427F59004236A1 /* MainTableViewThreeHoursCollectionCellViewModel.swift in Sources */,
				44AB5D502C42BD5A004236A1 /* CustomAnnotationView.swift in Sources */,
				44520BEF2C3E89B00004685D /* WeatherForecast.swift in Sources */,
				44AB5D7B2C43CC98004236A1 /* MapViewController.swift in Sources */,
				44520BF92C3EC0D80004685D /* MainTableViewThreeHoursCollectionCell.swift in Sources */,
				44AB5D4A2C429818004236A1 /* MainTableViewFiveDaysCollectionCellViewModel.swift in Sources */,
				44AB5D402C41859C004236A1 /* Observable.swift in Sources */,
				44AB5D5E2C42EA7F004236A1 /* CitySearchViewModel.swift in Sources */,
				44AB5D4C2C42AD18004236A1 /* MainTableViewOtherInformationCollectionCellViewModel.swift in Sources */,
				44520BED2C3E7D1D0004685D /* WeatherCurrent.swift in Sources */,
				44AB5D2F2C3F565A004236A1 /* MainTableViewOtherInformationCollectionCell.swift in Sources */,
				44520BF12C3EB7DE0004685D /* MainHeaderCell.swift in Sources */,
				44520BD72C3E6B5D0004685D /* BaseViewController.swift in Sources */,
				44AB5D462C426F04004236A1 /* MainCollectionTableViewCellViewModel.swift in Sources */,
				44AB5D4E2C42B4C4004236A1 /* MainTableViewLocationTableCellViewModel.swift in Sources */,
				44AB5D5C2C42E999004236A1 /* City.swift in Sources */,
				44520BE42C3E6D560004685D /* NetworkManager.swift in Sources */,
				44AB5D442C419A88004236A1 /* MainHeaderViewModel.swift in Sources */,
				44AB5D3E2C418570004236A1 /* MainViewModel.swift in Sources */,
				44520BF72C3EBBFB0004685D /* MainCollectionTableViewCell.swift in Sources */,
				44520BBA2C3E68BC0004685D /* AppDelegate.swift in Sources */,
				44AB5D582C42E086004236A1 /* CitySearchViewController.swift in Sources */,
				44AB5D622C42F151004236A1 /* CitySearchTableViewCellViewModel.swift in Sources */,
				44520BF52C3EB87B0004685D /* BaseCollectionViewCell.swift in Sources */,
				44520BBC2C3E68BC0004685D /* SceneDelegate.swift in Sources */,
				44AB5D7D2C440A7A004236A1 /* MapViewModel.swift in Sources */,
			);
			runOnlyForDeploymentPostprocessing = 0;
		};
/* End PBXSourcesBuildPhase section */

/* Begin PBXVariantGroup section */
		44520BC42C3E68BE0004685D /* LaunchScreen.storyboard */ = {
			isa = PBXVariantGroup;
			children = (
				44520BC52C3E68BE0004685D /* Base */,
			);
			name = LaunchScreen.storyboard;
			sourceTree = "<group>";
		};
/* End PBXVariantGroup section */

/* Begin XCBuildConfiguration section */
		44520BC82C3E68BE0004685D /* Debug */ = {
			isa = XCBuildConfiguration;
			buildSettings = {
				ALWAYS_SEARCH_USER_PATHS = NO;
				ASSETCATALOG_COMPILER_GENERATE_SWIFT_ASSET_SYMBOL_EXTENSIONS = YES;
				CLANG_ANALYZER_NONNULL = YES;
				CLANG_ANALYZER_NUMBER_OBJECT_CONVERSION = YES_AGGRESSIVE;
				CLANG_CXX_LANGUAGE_STANDARD = "gnu++20";
				CLANG_ENABLE_MODULES = YES;
				CLANG_ENABLE_OBJC_ARC = YES;
				CLANG_ENABLE_OBJC_WEAK = YES;
				CLANG_WARN_BLOCK_CAPTURE_AUTORELEASING = YES;
				CLANG_WARN_BOOL_CONVERSION = YES;
				CLANG_WARN_COMMA = YES;
				CLANG_WARN_CONSTANT_CONVERSION = YES;
				CLANG_WARN_DEPRECATED_OBJC_IMPLEMENTATIONS = YES;
				CLANG_WARN_DIRECT_OBJC_ISA_USAGE = YES_ERROR;
				CLANG_WARN_DOCUMENTATION_COMMENTS = YES;
				CLANG_WARN_EMPTY_BODY = YES;
				CLANG_WARN_ENUM_CONVERSION = YES;
				CLANG_WARN_INFINITE_RECURSION = YES;
				CLANG_WARN_INT_CONVERSION = YES;
				CLANG_WARN_NON_LITERAL_NULL_CONVERSION = YES;
				CLANG_WARN_OBJC_IMPLICIT_RETAIN_SELF = YES;
				CLANG_WARN_OBJC_LITERAL_CONVERSION = YES;
				CLANG_WARN_OBJC_ROOT_CLASS = YES_ERROR;
				CLANG_WARN_QUOTED_INCLUDE_IN_FRAMEWORK_HEADER = YES;
				CLANG_WARN_RANGE_LOOP_ANALYSIS = YES;
				CLANG_WARN_STRICT_PROTOTYPES = YES;
				CLANG_WARN_SUSPICIOUS_MOVE = YES;
				CLANG_WARN_UNGUARDED_AVAILABILITY = YES_AGGRESSIVE;
				CLANG_WARN_UNREACHABLE_CODE = YES;
				CLANG_WARN__DUPLICATE_METHOD_MATCH = YES;
				COPY_PHASE_STRIP = NO;
				DEBUG_INFORMATION_FORMAT = dwarf;
				ENABLE_STRICT_OBJC_MSGSEND = YES;
				ENABLE_TESTABILITY = YES;
				ENABLE_USER_SCRIPT_SANDBOXING = YES;
				GCC_C_LANGUAGE_STANDARD = gnu17;
				GCC_DYNAMIC_NO_PIC = NO;
				GCC_NO_COMMON_BLOCKS = YES;
				GCC_OPTIMIZATION_LEVEL = 0;
				GCC_PREPROCESSOR_DEFINITIONS = (
					"DEBUG=1",
					"$(inherited)",
				);
				GCC_WARN_64_TO_32_BIT_CONVERSION = YES;
				GCC_WARN_ABOUT_RETURN_TYPE = YES_ERROR;
				GCC_WARN_UNDECLARED_SELECTOR = YES;
				GCC_WARN_UNINITIALIZED_AUTOS = YES_AGGRESSIVE;
				GCC_WARN_UNUSED_FUNCTION = YES;
				GCC_WARN_UNUSED_VARIABLE = YES;
				IPHONEOS_DEPLOYMENT_TARGET = 17.4;
				LOCALIZATION_PREFERS_STRING_CATALOGS = YES;
				MTL_ENABLE_DEBUG_INFO = INCLUDE_SOURCE;
				MTL_FAST_MATH = YES;
				ONLY_ACTIVE_ARCH = YES;
				SDKROOT = iphoneos;
				SWIFT_ACTIVE_COMPILATION_CONDITIONS = "DEBUG $(inherited)";
				SWIFT_OPTIMIZATION_LEVEL = "-Onone";
			};
			name = Debug;
		};
		44520BC92C3E68BE0004685D /* Release */ = {
			isa = XCBuildConfiguration;
			buildSettings = {
				ALWAYS_SEARCH_USER_PATHS = NO;
				ASSETCATALOG_COMPILER_GENERATE_SWIFT_ASSET_SYMBOL_EXTENSIONS = YES;
				CLANG_ANALYZER_NONNULL = YES;
				CLANG_ANALYZER_NUMBER_OBJECT_CONVERSION = YES_AGGRESSIVE;
				CLANG_CXX_LANGUAGE_STANDARD = "gnu++20";
				CLANG_ENABLE_MODULES = YES;
				CLANG_ENABLE_OBJC_ARC = YES;
				CLANG_ENABLE_OBJC_WEAK = YES;
				CLANG_WARN_BLOCK_CAPTURE_AUTORELEASING = YES;
				CLANG_WARN_BOOL_CONVERSION = YES;
				CLANG_WARN_COMMA = YES;
				CLANG_WARN_CONSTANT_CONVERSION = YES;
				CLANG_WARN_DEPRECATED_OBJC_IMPLEMENTATIONS = YES;
				CLANG_WARN_DIRECT_OBJC_ISA_USAGE = YES_ERROR;
				CLANG_WARN_DOCUMENTATION_COMMENTS = YES;
				CLANG_WARN_EMPTY_BODY = YES;
				CLANG_WARN_ENUM_CONVERSION = YES;
				CLANG_WARN_INFINITE_RECURSION = YES;
				CLANG_WARN_INT_CONVERSION = YES;
				CLANG_WARN_NON_LITERAL_NULL_CONVERSION = YES;
				CLANG_WARN_OBJC_IMPLICIT_RETAIN_SELF = YES;
				CLANG_WARN_OBJC_LITERAL_CONVERSION = YES;
				CLANG_WARN_OBJC_ROOT_CLASS = YES_ERROR;
				CLANG_WARN_QUOTED_INCLUDE_IN_FRAMEWORK_HEADER = YES;
				CLANG_WARN_RANGE_LOOP_ANALYSIS = YES;
				CLANG_WARN_STRICT_PROTOTYPES = YES;
				CLANG_WARN_SUSPICIOUS_MOVE = YES;
				CLANG_WARN_UNGUARDED_AVAILABILITY = YES_AGGRESSIVE;
				CLANG_WARN_UNREACHABLE_CODE = YES;
				CLANG_WARN__DUPLICATE_METHOD_MATCH = YES;
				COPY_PHASE_STRIP = NO;
				DEBUG_INFORMATION_FORMAT = "dwarf-with-dsym";
				ENABLE_NS_ASSERTIONS = NO;
				ENABLE_STRICT_OBJC_MSGSEND = YES;
				ENABLE_USER_SCRIPT_SANDBOXING = YES;
				GCC_C_LANGUAGE_STANDARD = gnu17;
				GCC_NO_COMMON_BLOCKS = YES;
				GCC_WARN_64_TO_32_BIT_CONVERSION = YES;
				GCC_WARN_ABOUT_RETURN_TYPE = YES_ERROR;
				GCC_WARN_UNDECLARED_SELECTOR = YES;
				GCC_WARN_UNINITIALIZED_AUTOS = YES_AGGRESSIVE;
				GCC_WARN_UNUSED_FUNCTION = YES;
				GCC_WARN_UNUSED_VARIABLE = YES;
				IPHONEOS_DEPLOYMENT_TARGET = 17.4;
				LOCALIZATION_PREFERS_STRING_CATALOGS = YES;
				MTL_ENABLE_DEBUG_INFO = NO;
				MTL_FAST_MATH = YES;
				SDKROOT = iphoneos;
				SWIFT_COMPILATION_MODE = wholemodule;
				VALIDATE_PRODUCT = YES;
			};
			name = Release;
		};
		44520BCB2C3E68BE0004685D /* Debug */ = {
			isa = XCBuildConfiguration;
			buildSettings = {
				ASSETCATALOG_COMPILER_APPICON_NAME = AppIcon;
				ASSETCATALOG_COMPILER_GLOBAL_ACCENT_COLOR_NAME = AccentColor;
				CODE_SIGN_STYLE = Automatic;
				CURRENT_PROJECT_VERSION = 1;
				DEVELOPMENT_TEAM = 9M37U587ZT;
				GENERATE_INFOPLIST_FILE = YES;
				INFOPLIST_FILE = Weather/Resource/Info.plist;
				INFOPLIST_KEY_UIApplicationSupportsIndirectInputEvents = YES;
				INFOPLIST_KEY_UILaunchStoryboardName = LaunchScreen;
				INFOPLIST_KEY_UISupportedInterfaceOrientations = UIInterfaceOrientationPortrait;
				INFOPLIST_KEY_UISupportedInterfaceOrientations_iPad = UIInterfaceOrientationPortrait;
				IPHONEOS_DEPLOYMENT_TARGET = 16.0;
				LD_RUNPATH_SEARCH_PATHS = (
					"$(inherited)",
					"@executable_path/Frameworks",
				);
				MARKETING_VERSION = 1.0;
				PRODUCT_BUNDLE_IDENTIFIER = com.daeyunkwon.Weather;
				PRODUCT_NAME = "$(TARGET_NAME)";
				SUPPORTED_PLATFORMS = "iphoneos iphonesimulator";
				SUPPORTS_MACCATALYST = NO;
				SUPPORTS_MAC_DESIGNED_FOR_IPHONE_IPAD = NO;
				SUPPORTS_XR_DESIGNED_FOR_IPHONE_IPAD = NO;
				SWIFT_EMIT_LOC_STRINGS = YES;
				SWIFT_VERSION = 5.0;
				TARGETED_DEVICE_FAMILY = 1;
			};
			name = Debug;
		};
		44520BCC2C3E68BE0004685D /* Release */ = {
			isa = XCBuildConfiguration;
			buildSettings = {
				ASSETCATALOG_COMPILER_APPICON_NAME = AppIcon;
				ASSETCATALOG_COMPILER_GLOBAL_ACCENT_COLOR_NAME = AccentColor;
				CODE_SIGN_STYLE = Automatic;
				CURRENT_PROJECT_VERSION = 1;
				DEVELOPMENT_TEAM = 9M37U587ZT;
				GENERATE_INFOPLIST_FILE = YES;
				INFOPLIST_FILE = Weather/Resource/Info.plist;
				INFOPLIST_KEY_UIApplicationSupportsIndirectInputEvents = YES;
				INFOPLIST_KEY_UILaunchStoryboardName = LaunchScreen;
				INFOPLIST_KEY_UISupportedInterfaceOrientations = UIInterfaceOrientationPortrait;
				INFOPLIST_KEY_UISupportedInterfaceOrientations_iPad = UIInterfaceOrientationPortrait;
				IPHONEOS_DEPLOYMENT_TARGET = 16.0;
				LD_RUNPATH_SEARCH_PATHS = (
					"$(inherited)",
					"@executable_path/Frameworks",
				);
				MARKETING_VERSION = 1.0;
				PRODUCT_BUNDLE_IDENTIFIER = com.daeyunkwon.Weather;
				PRODUCT_NAME = "$(TARGET_NAME)";
				SUPPORTED_PLATFORMS = "iphoneos iphonesimulator";
				SUPPORTS_MACCATALYST = NO;
				SUPPORTS_MAC_DESIGNED_FOR_IPHONE_IPAD = NO;
				SUPPORTS_XR_DESIGNED_FOR_IPHONE_IPAD = NO;
				SWIFT_EMIT_LOC_STRINGS = YES;
				SWIFT_VERSION = 5.0;
				TARGETED_DEVICE_FAMILY = 1;
			};
			name = Release;
		};
/* End XCBuildConfiguration section */

/* Begin XCConfigurationList section */
		44520BB12C3E68BC0004685D /* Build configuration list for PBXProject "Weather" */ = {
			isa = XCConfigurationList;
			buildConfigurations = (
				44520BC82C3E68BE0004685D /* Debug */,
				44520BC92C3E68BE0004685D /* Release */,
			);
			defaultConfigurationIsVisible = 0;
			defaultConfigurationName = Release;
		};
		44520BCA2C3E68BE0004685D /* Build configuration list for PBXNativeTarget "Weather" */ = {
			isa = XCConfigurationList;
			buildConfigurations = (
				44520BCB2C3E68BE0004685D /* Debug */,
				44520BCC2C3E68BE0004685D /* Release */,
			);
			defaultConfigurationIsVisible = 0;
			defaultConfigurationName = Release;
		};
/* End XCConfigurationList section */

/* Begin XCRemoteSwiftPackageReference section */
		44520BD82C3E6C520004685D /* XCRemoteSwiftPackageReference "SnapKit" */ = {
			isa = XCRemoteSwiftPackageReference;
			repositoryURL = "https://github.com/SnapKit/SnapKit";
			requirement = {
				kind = upToNextMajorVersion;
				minimumVersion = 5.7.1;
			};
		};
		44520BDB2C3E6CA70004685D /* XCRemoteSwiftPackageReference "Alamofire" */ = {
			isa = XCRemoteSwiftPackageReference;
			repositoryURL = "https://github.com/Alamofire/Alamofire";
			requirement = {
				kind = upToNextMajorVersion;
				minimumVersion = 5.9.1;
			};
		};
		44520BDE2C3E6CB40004685D /* XCRemoteSwiftPackageReference "Kingfisher" */ = {
			isa = XCRemoteSwiftPackageReference;
			repositoryURL = "https://github.com/onevcat/Kingfisher";
			requirement = {
				kind = upToNextMajorVersion;
				minimumVersion = 7.12.0;
			};
		};
		44AB5D682C43C51C004236A1 /* XCRemoteSwiftPackageReference "lottie-ios" */ = {
			isa = XCRemoteSwiftPackageReference;
			repositoryURL = "https://github.com/airbnb/lottie-ios";
			requirement = {
				kind = upToNextMajorVersion;
				minimumVersion = 4.5.0;
			};
		};
/* End XCRemoteSwiftPackageReference section */

/* Begin XCSwiftPackageProductDependency section */
		44520BD92C3E6C520004685D /* SnapKit */ = {
			isa = XCSwiftPackageProductDependency;
			package = 44520BD82C3E6C520004685D /* XCRemoteSwiftPackageReference "SnapKit" */;
			productName = SnapKit;
		};
		44520BDC2C3E6CA70004685D /* Alamofire */ = {
			isa = XCSwiftPackageProductDependency;
			package = 44520BDB2C3E6CA70004685D /* XCRemoteSwiftPackageReference "Alamofire" */;
			productName = Alamofire;
		};
		44520BDF2C3E6CB40004685D /* Kingfisher */ = {
			isa = XCSwiftPackageProductDependency;
			package = 44520BDE2C3E6CB40004685D /* XCRemoteSwiftPackageReference "Kingfisher" */;
			productName = Kingfisher;
		};
		44AB5D692C43C51C004236A1 /* Lottie */ = {
			isa = XCSwiftPackageProductDependency;
			package = 44AB5D682C43C51C004236A1 /* XCRemoteSwiftPackageReference "lottie-ios" */;
			productName = Lottie;
		};
/* End XCSwiftPackageProductDependency section */
	};
	rootObject = 44520BAE2C3E68BC0004685D /* Project object */;
}
